
Microsoft Visual Studio Solution File, Format Version 12.00
# Visual Studio Version 17
VisualStudioVersion = 17.3.32819.101
MinimumVisualStudioVersion = 10.0.40219.1
Project("{FAE04EC0-301F-11D3-BF4B-00C04F79EFBC}") = "C-mart-APIs", "C-mart-APIs\C-mart-APIs.csproj", "{7EC82CE0-713E-4258-8A83-D8D03F38DCE5}"
EndProject
Global
	GlobalSection(SolutionConfigurationPlatforms) = preSolution
		Debug|Any CPU = Debug|Any CPU
		Release|Any CPU = Release|Any CPU
	EndGlobalSection
	GlobalSection(ProjectConfigurationPlatforms) = postSolution
		{7EC82CE0-713E-4258-8A83-D8D03F38DCE5}.Debug|Any CPU.ActiveCfg = Debug|Any CPU
		{7EC82CE0-713E-4258-8A83-D8D03F38DCE5}.Debug|Any CPU.Build.0 = Debug|Any CPU
		{7EC82CE0-713E-4258-8A83-D8D03F38DCE5}.Release|Any CPU.ActiveCfg = Release|Any CPU
		{7EC82CE0-713E-4258-8A83-D8D03F38DCE5}.Release|Any CPU.Build.0 = Release|Any CPU
	EndGlobalSection
	GlobalSection(SolutionProperties) = preSolution
		HideSolutionNode = FALSE
	EndGlobalSection
	GlobalSection(ExtensibilityGlobals) = postSolution
		SolutionGuid = {CE1CC9CB-8953-4319-BF53-C892218A5181}
	EndGlobalSection
EndGlobal
